
Microsoft Visual Studio Solution File, Format Version 12.00
# Visual Studio Version 17
VisualStudioVersion = 17.0.31903.59
MinimumVisualStudioVersion = 10.0.40219.1
Project("{2150E333-8FDC-42A3-9474-1A3956D46DE8}") = "src", "src", "{8CEC5C87-6C7A-487C-B32C-834709D2774C}"
EndProject
Project("{FAE04EC0-301F-11D3-BF4B-00C04F79EFBC}") = "Musala.Drones.Domain", "src\Domain\Musala.Drones.Domain.csproj", "{47411190-0F99-45C7-91C9-3C97C168DAC9}"
EndProject
Project("{FAE04EC0-301F-11D3-BF4B-00C04F79EFBC}") = "Musala.Drones.BuildingBlocks", "src\BuildingBlocks\Musala.Drones.BuildingBlocks.csproj", "{1FDFB356-6B77-43CA-B5BA-597D5855CB95}"
EndProject
Project("{FAE04EC0-301F-11D3-BF4B-00C04F79EFBC}") = "Musala.Drones.Api", "src\Api\Musala.Drones.Api.csproj", "{4F7D4155-1E0F-4DA4-B803-25C5E266DC72}"
EndProject
Project("{FAE04EC0-301F-11D3-BF4B-00C04F79EFBC}") = "DronesTests", "tests\DronesTests.csproj", "{35DB1CD7-B02E-42CA-968B-43CD3CD01D23}"
EndProject
Global
	GlobalSection(SolutionConfigurationPlatforms) = preSolution
		Debug|Any CPU = Debug|Any CPU
		Release|Any CPU = Release|Any CPU
	EndGlobalSection
	GlobalSection(SolutionProperties) = preSolution
		HideSolutionNode = FALSE
	EndGlobalSection
	GlobalSection(ProjectConfigurationPlatforms) = postSolution
		{47411190-0F99-45C7-91C9-3C97C168DAC9}.Debug|Any CPU.ActiveCfg = Debug|Any CPU
		{47411190-0F99-45C7-91C9-3C97C168DAC9}.Debug|Any CPU.Build.0 = Debug|Any CPU
		{47411190-0F99-45C7-91C9-3C97C168DAC9}.Release|Any CPU.ActiveCfg = Release|Any CPU
		{47411190-0F99-45C7-91C9-3C97C168DAC9}.Release|Any CPU.Build.0 = Release|Any CPU
		{1FDFB356-6B77-43CA-B5BA-597D5855CB95}.Debug|Any CPU.ActiveCfg = Debug|Any CPU
		{1FDFB356-6B77-43CA-B5BA-597D5855CB95}.Debug|Any CPU.Build.0 = Debug|Any CPU
		{1FDFB356-6B77-43CA-B5BA-597D5855CB95}.Release|Any CPU.ActiveCfg = Release|Any CPU
		{1FDFB356-6B77-43CA-B5BA-597D5855CB95}.Release|Any CPU.Build.0 = Release|Any CPU
		{4F7D4155-1E0F-4DA4-B803-25C5E266DC72}.Debug|Any CPU.ActiveCfg = Debug|Any CPU
		{4F7D4155-1E0F-4DA4-B803-25C5E266DC72}.Debug|Any CPU.Build.0 = Debug|Any CPU
		{4F7D4155-1E0F-4DA4-B803-25C5E266DC72}.Release|Any CPU.ActiveCfg = Release|Any CPU
		{4F7D4155-1E0F-4DA4-B803-25C5E266DC72}.Release|Any CPU.Build.0 = Release|Any CPU
		{35DB1CD7-B02E-42CA-968B-43CD3CD01D23}.Debug|Any CPU.ActiveCfg = Debug|Any CPU
		{35DB1CD7-B02E-42CA-968B-43CD3CD01D23}.Debug|Any CPU.Build.0 = Debug|Any CPU
		{35DB1CD7-B02E-42CA-968B-43CD3CD01D23}.Release|Any CPU.ActiveCfg = Release|Any CPU
		{35DB1CD7-B02E-42CA-968B-43CD3CD01D23}.Release|Any CPU.Build.0 = Release|Any CPU
	EndGlobalSection
	GlobalSection(NestedProjects) = preSolution
		{47411190-0F99-45C7-91C9-3C97C168DAC9} = {8CEC5C87-6C7A-487C-B32C-834709D2774C}
		{1FDFB356-6B77-43CA-B5BA-597D5855CB95} = {8CEC5C87-6C7A-487C-B32C-834709D2774C}
		{4F7D4155-1E0F-4DA4-B803-25C5E266DC72} = {8CEC5C87-6C7A-487C-B32C-834709D2774C}
	EndGlobalSection
EndGlobal
